{
    "name": "@sctg/web-smtp-relay-client",
    "version": "1.1.1",
    "lockfileVersion": 3,
    "requires": true,
    "packages": {
        "": {
            "name": "@sctg/web-smtp-relay-client",
            "version": "1.1.1",
            "license": "AGPL-3.0",
            "devDependencies": {
                "@babel/parser": "^7.25.4",
                "@babel/types": "^7.25.4",
                "@cloudflare/workers-types": "^4.20240821.1",
                "@types/node": "^20",
                "typescript": "^5.5.4"
            }
        },
        "node_modules/@babel/helper-string-parser": {
            "version": "7.24.8",
            "resolved": "https://registry.npmjs.org/@babel/helper-string-parser/-/helper-string-parser-7.24.8.tgz",
            "integrity": "sha512-pO9KhhRcuUyGnJWwyEgnRJTSIZHiT+vMD0kPeD+so0l7mxkMT19g3pjY9GTnHySck/hDzq+dtW/4VgnMkippsQ==",
            "dev": true,
            "license": "MIT",
            "engines": {
                "node": ">=6.9.0"
            }
        },
        "node_modules/@babel/helper-validator-identifier": {
            "version": "7.24.7",
            "resolved": "https://registry.npmjs.org/@babel/helper-validator-identifier/-/helper-validator-identifier-7.24.7.tgz",
            "integrity": "sha512-rR+PBcQ1SMQDDyF6X0wxtG8QyLCgUB0eRAGguqRLfkCA87l7yAP7ehq8SNj96OOGTO8OBV70KhuFYcIkHXOg0w==",
            "dev": true,
            "license": "MIT",
            "engines": {
                "node": ">=6.9.0"
            }
        },
        "node_modules/@babel/parser": {
            "version": "7.25.4",
            "resolved": "https://registry.npmjs.org/@babel/parser/-/parser-7.25.4.tgz",
            "integrity": "sha512-nq+eWrOgdtu3jG5Os4TQP3x3cLA8hR8TvJNjD8vnPa20WGycimcparWnLK4jJhElTK6SDyuJo1weMKO/5LpmLA==",
            "dev": true,
            "license": "MIT",
            "dependencies": {
                "@babel/types": "^7.25.4"
            },
            "bin": {
                "parser": "bin/babel-parser.js"
            },
            "engines": {
                "node": ">=6.0.0"
            }
        },
        "node_modules/@babel/types": {
            "version": "7.25.4",
            "resolved": "https://registry.npmjs.org/@babel/types/-/types-7.25.4.tgz",
            "integrity": "sha512-zQ1ijeeCXVEh+aNL0RlmkPkG8HUiDcU2pzQQFjtbntgAczRASFzj4H+6+bV+dy1ntKR14I/DypeuRG1uma98iQ==",
            "dev": true,
            "license": "MIT",
            "dependencies": {
                "@babel/helper-string-parser": "^7.24.8",
                "@babel/helper-validator-identifier": "^7.24.7",
                "to-fast-properties": "^2.0.0"
            },
            "engines": {
                "node": ">=6.9.0"
            }
        },
        "node_modules/@cloudflare/workers-types": {
            "version": "4.20240821.1",
            "resolved": "https://registry.npmjs.org/@cloudflare/workers-types/-/workers-types-4.20240821.1.tgz",
            "integrity": "sha512-icAkbnAqgVl6ef9lgLTom8na+kj2RBw2ViPAQ586hbdj0xZcnrjK7P46Eu08OU9D/lNDgN2sKU/sxhe2iK/gIg==",
            "dev": true,
            "license": "MIT OR Apache-2.0"
        },
        "node_modules/@types/node": {
            "version": "20.16.1",
            "resolved": "https://registry.npmjs.org/@types/node/-/node-20.16.1.tgz",
            "integrity": "sha512-zJDo7wEadFtSyNz5QITDfRcrhqDvQI1xQNQ0VoizPjM/dVAODqqIUWbJPkvsxmTI0MYRGRikcdjMPhOssnPejQ==",
            "dev": true,
            "license": "MIT",
            "dependencies": {
                "undici-types": "~6.19.2"
            }
        },
        "node_modules/to-fast-properties": {
            "version": "2.0.0",
            "resolved": "https://registry.npmjs.org/to-fast-properties/-/to-fast-properties-2.0.0.tgz",
            "integrity": "sha512-/OaKK0xYrs3DmxRYqL/yDc+FxFUVYhDlXMhRmv3z915w2HF1tnN1omB354j8VUGO/hbRzyD6Y3sA7v7GS/ceog==",
            "dev": true,
            "license": "MIT",
            "engines": {
                "node": ">=4"
            }
        },
        "node_modules/typescript": {
            "version": "5.5.4",
            "resolved": "https://registry.npmjs.org/typescript/-/typescript-5.5.4.tgz",
            "integrity": "sha512-Mtq29sKDAEYP7aljRgtPOpTvOfbwRWlS6dPRzwjdE+C0R4brX/GUyhHSecbHMFLNBLcJIPt9nl9yG5TZ1weH+Q==",
            "dev": true,
            "license": "Apache-2.0",
            "bin": {
                "tsc": "bin/tsc",
                "tsserver": "bin/tsserver"
            },
            "engines": {
                "node": ">=14.17"
            }
        },
        "node_modules/undici-types": {
            "version": "6.19.8",
            "resolved": "https://registry.npmjs.org/undici-types/-/undici-types-6.19.8.tgz",
            "integrity": "sha512-ve2KP6f/JnbPBFyobGHuerC9g1FYGn/F8n1LWTwNxCEzd6IfqTwUQcNXgEtmmQ6DlRrC1hrSrBnCZPokRrDHjw==",
            "dev": true,
            "license": "MIT"
        }
    }
}
